
Microsoft Visual Studio Solution File, Format Version 12.00
# Visual Studio Version 17
VisualStudioVersion = 17.0.31903.59
MinimumVisualStudioVersion = 10.0.40219.1
Project("{FAE04EC0-301F-11D3-BF4B-00C04F79EFBC}") = "Lab01_SimpleAgent", "Lab01_SimpleAgent\Lab01_SimpleAgent.csproj", "{A85B15E0-626E-4A53-92A8-29B0128A4A25}"
EndProject
Project("{FAE04EC0-301F-11D3-BF4B-00C04F79EFBC}") = "Lab02_ImagesWAgent", "Lab02_ImagesWAgent\Lab02_ImagesWAgent.csproj", "{779BA4E0-4F48-404B-B6CA-49C350DBA5FD}"
EndProject
Project("{FAE04EC0-301F-11D3-BF4B-00C04F79EFBC}") = "Lab03_MultiTurnAgent", "Lab03_MultiTurnAgent\Lab03_MultiTurnAgent.csproj", "{4E22B539-A740-4E82-BCB9-86EBB53EA3CF}"
EndProject
Project("{FAE04EC0-301F-11D3-BF4B-00C04F79EFBC}") = "Lab04_ToolCallAgent", "Lab04_ToolCallAgent\Lab04_ToolCallAgent.csproj", "{118AF545-8389-4411-B9D4-99A1995B70A5}"
EndProject
Project("{FAE04EC0-301F-11D3-BF4B-00C04F79EFBC}") = "Lab05_ToolHITLCallAgent", "Lab05_ToolHITLCallAgent\Lab05_ToolHITLCallAgent.csproj", "{204C7F74-9385-4C75-934E-4F20AC5D6C7A}"
EndProject
Project("{FAE04EC0-301F-11D3-BF4B-00C04F79EFBC}") = "Lab09_Observability", "Lab09_Observability\Lab09_Observability.csproj", "{45F368A1-ABF5-4771-AF50-79F3F21799B9}"
EndProject
Global
	GlobalSection(SolutionConfigurationPlatforms) = preSolution
		Debug|Any CPU = Debug|Any CPU
		Debug|x64 = Debug|x64
		Debug|x86 = Debug|x86
		Release|Any CPU = Release|Any CPU
		Release|x64 = Release|x64
		Release|x86 = Release|x86
	EndGlobalSection
	GlobalSection(ProjectConfigurationPlatforms) = postSolution
		{A85B15E0-626E-4A53-92A8-29B0128A4A25}.Debug|Any CPU.ActiveCfg = Debug|Any CPU
		{A85B15E0-626E-4A53-92A8-29B0128A4A25}.Debug|Any CPU.Build.0 = Debug|Any CPU
		{A85B15E0-626E-4A53-92A8-29B0128A4A25}.Debug|x64.ActiveCfg = Debug|Any CPU
		{A85B15E0-626E-4A53-92A8-29B0128A4A25}.Debug|x64.Build.0 = Debug|Any CPU
		{A85B15E0-626E-4A53-92A8-29B0128A4A25}.Debug|x86.ActiveCfg = Debug|Any CPU
		{A85B15E0-626E-4A53-92A8-29B0128A4A25}.Debug|x86.Build.0 = Debug|Any CPU
		{A85B15E0-626E-4A53-92A8-29B0128A4A25}.Release|Any CPU.ActiveCfg = Release|Any CPU
		{A85B15E0-626E-4A53-92A8-29B0128A4A25}.Release|Any CPU.Build.0 = Release|Any CPU
		{A85B15E0-626E-4A53-92A8-29B0128A4A25}.Release|x64.ActiveCfg = Release|Any CPU
		{A85B15E0-626E-4A53-92A8-29B0128A4A25}.Release|x64.Build.0 = Release|Any CPU
		{A85B15E0-626E-4A53-92A8-29B0128A4A25}.Release|x86.ActiveCfg = Release|Any CPU
		{A85B15E0-626E-4A53-92A8-29B0128A4A25}.Release|x86.Build.0 = Release|Any CPU
		{779BA4E0-4F48-404B-B6CA-49C350DBA5FD}.Debug|Any CPU.ActiveCfg = Debug|Any CPU
		{779BA4E0-4F48-404B-B6CA-49C350DBA5FD}.Debug|Any CPU.Build.0 = Debug|Any CPU
		{779BA4E0-4F48-404B-B6CA-49C350DBA5FD}.Debug|x64.ActiveCfg = Debug|Any CPU
		{779BA4E0-4F48-404B-B6CA-49C350DBA5FD}.Debug|x64.Build.0 = Debug|Any CPU
		{779BA4E0-4F48-404B-B6CA-49C350DBA5FD}.Debug|x86.ActiveCfg = Debug|Any CPU
		{779BA4E0-4F48-404B-B6CA-49C350DBA5FD}.Debug|x86.Build.0 = Debug|Any CPU
		{779BA4E0-4F48-404B-B6CA-49C350DBA5FD}.Release|Any CPU.ActiveCfg = Release|Any CPU
		{779BA4E0-4F48-404B-B6CA-49C350DBA5FD}.Release|Any CPU.Build.0 = Release|Any CPU
		{779BA4E0-4F48-404B-B6CA-49C350DBA5FD}.Release|x64.ActiveCfg = Release|Any CPU
		{779BA4E0-4F48-404B-B6CA-49C350DBA5FD}.Release|x64.Build.0 = Release|Any CPU
		{779BA4E0-4F48-404B-B6CA-49C350DBA5FD}.Release|x86.ActiveCfg = Release|Any CPU
		{779BA4E0-4F48-404B-B6CA-49C350DBA5FD}.Release|x86.Build.0 = Release|Any CPU
		{4E22B539-A740-4E82-BCB9-86EBB53EA3CF}.Debug|Any CPU.ActiveCfg = Debug|Any CPU
		{4E22B539-A740-4E82-BCB9-86EBB53EA3CF}.Debug|Any CPU.Build.0 = Debug|Any CPU
		{4E22B539-A740-4E82-BCB9-86EBB53EA3CF}.Debug|x64.ActiveCfg = Debug|Any CPU
		{4E22B539-A740-4E82-BCB9-86EBB53EA3CF}.Debug|x64.Build.0 = Debug|Any CPU
		{4E22B539-A740-4E82-BCB9-86EBB53EA3CF}.Debug|x86.ActiveCfg = Debug|Any CPU
		{4E22B539-A740-4E82-BCB9-86EBB53EA3CF}.Debug|x86.Build.0 = Debug|Any CPU
		{4E22B539-A740-4E82-BCB9-86EBB53EA3CF}.Release|Any CPU.ActiveCfg = Release|Any CPU
		{4E22B539-A740-4E82-BCB9-86EBB53EA3CF}.Release|Any CPU.Build.0 = Release|Any CPU
		{4E22B539-A740-4E82-BCB9-86EBB53EA3CF}.Release|x64.ActiveCfg = Release|Any CPU
		{4E22B539-A740-4E82-BCB9-86EBB53EA3CF}.Release|x64.Build.0 = Release|Any CPU
		{4E22B539-A740-4E82-BCB9-86EBB53EA3CF}.Release|x86.ActiveCfg = Release|Any CPU
		{4E22B539-A740-4E82-BCB9-86EBB53EA3CF}.Release|x86.Build.0 = Release|Any CPU
		{118AF545-8389-4411-B9D4-99A1995B70A5}.Debug|Any CPU.ActiveCfg = Debug|Any CPU
		{118AF545-8389-4411-B9D4-99A1995B70A5}.Debug|Any CPU.Build.0 = Debug|Any CPU
		{118AF545-8389-4411-B9D4-99A1995B70A5}.Debug|x64.ActiveCfg = Debug|Any CPU
		{118AF545-8389-4411-B9D4-99A1995B70A5}.Debug|x64.Build.0 = Debug|Any CPU
		{118AF545-8389-4411-B9D4-99A1995B70A5}.Debug|x86.ActiveCfg = Debug|Any CPU
		{118AF545-8389-4411-B9D4-99A1995B70A5}.Debug|x86.Build.0 = Debug|Any CPU
		{118AF545-8389-4411-B9D4-99A1995B70A5}.Release|Any CPU.ActiveCfg = Release|Any CPU
		{118AF545-8389-4411-B9D4-99A1995B70A5}.Release|Any CPU.Build.0 = Release|Any CPU
		{118AF545-8389-4411-B9D4-99A1995B70A5}.Release|x64.ActiveCfg = Release|Any CPU
		{118AF545-8389-4411-B9D4-99A1995B70A5}.Release|x64.Build.0 = Release|Any CPU
		{118AF545-8389-4411-B9D4-99A1995B70A5}.Release|x86.ActiveCfg = Release|Any CPU
		{118AF545-8389-4411-B9D4-99A1995B70A5}.Release|x86.Build.0 = Release|Any CPU
		{204C7F74-9385-4C75-934E-4F20AC5D6C7A}.Debug|Any CPU.ActiveCfg = Debug|Any CPU
		{204C7F74-9385-4C75-934E-4F20AC5D6C7A}.Debug|Any CPU.Build.0 = Debug|Any CPU
		{204C7F74-9385-4C75-934E-4F20AC5D6C7A}.Debug|x64.ActiveCfg = Debug|Any CPU
		{204C7F74-9385-4C75-934E-4F20AC5D6C7A}.Debug|x64.Build.0 = Debug|Any CPU
		{204C7F74-9385-4C75-934E-4F20AC5D6C7A}.Debug|x86.ActiveCfg = Debug|Any CPU
		{204C7F74-9385-4C75-934E-4F20AC5D6C7A}.Debug|x86.Build.0 = Debug|Any CPU
		{204C7F74-9385-4C75-934E-4F20AC5D6C7A}.Release|Any CPU.ActiveCfg = Release|Any CPU
		{204C7F74-9385-4C75-934E-4F20AC5D6C7A}.Release|Any CPU.Build.0 = Release|Any CPU
		{204C7F74-9385-4C75-934E-4F20AC5D6C7A}.Release|x64.ActiveCfg = Release|Any CPU
		{204C7F74-9385-4C75-934E-4F20AC5D6C7A}.Release|x64.Build.0 = Release|Any CPU
		{204C7F74-9385-4C75-934E-4F20AC5D6C7A}.Release|x86.ActiveCfg = Release|Any CPU
		{204C7F74-9385-4C75-934E-4F20AC5D6C7A}.Release|x86.Build.0 = Release|Any CPU
		{45F368A1-ABF5-4771-AF50-79F3F21799B9}.Debug|Any CPU.ActiveCfg = Debug|Any CPU
		{45F368A1-ABF5-4771-AF50-79F3F21799B9}.Debug|Any CPU.Build.0 = Debug|Any CPU
		{45F368A1-ABF5-4771-AF50-79F3F21799B9}.Debug|x64.ActiveCfg = Debug|Any CPU
		{45F368A1-ABF5-4771-AF50-79F3F21799B9}.Debug|x64.Build.0 = Debug|Any CPU
		{45F368A1-ABF5-4771-AF50-79F3F21799B9}.Debug|x86.ActiveCfg = Debug|Any CPU
		{45F368A1-ABF5-4771-AF50-79F3F21799B9}.Debug|x86.Build.0 = Debug|Any CPU
		{45F368A1-ABF5-4771-AF50-79F3F21799B9}.Release|Any CPU.ActiveCfg = Release|Any CPU
		{45F368A1-ABF5-4771-AF50-79F3F21799B9}.Release|Any CPU.Build.0 = Release|Any CPU
		{45F368A1-ABF5-4771-AF50-79F3F21799B9}.Release|x64.ActiveCfg = Release|Any CPU
		{45F368A1-ABF5-4771-AF50-79F3F21799B9}.Release|x64.Build.0 = Release|Any CPU
		{45F368A1-ABF5-4771-AF50-79F3F21799B9}.Release|x86.ActiveCfg = Release|Any CPU
		{45F368A1-ABF5-4771-AF50-79F3F21799B9}.Release|x86.Build.0 = Release|Any CPU
	EndGlobalSection
	GlobalSection(SolutionProperties) = preSolution
		HideSolutionNode = FALSE
	EndGlobalSection
EndGlobal
